// !$*UTF8*$!
{
	archiveVersion = 1;
	classes = {
	};
	objectVersion = 51;
	objects = {

/* Begin PBXBuildFile section */
		53D846C6C9820ED9AC36EE7B /* Pods_Forca.framework in Frameworks */ = {isa = PBXBuildFile; fileRef = EB166B567861BB5F6489B880 /* Pods_Forca.framework */; };
		92210867252FABA3004944DB /* String+AttributedText.swift in Sources */ = {isa = PBXBuildFile; fileRef = 92210866252FABA3004944DB /* String+AttributedText.swift */; };
		92210870252FB075004944DB /* HangingGame.swift in Sources */ = {isa = PBXBuildFile; fileRef = 9221086F252FB075004944DB /* HangingGame.swift */; };
		92210876252FBAE9004944DB /* ReplaceLetter.swift in Sources */ = {isa = PBXBuildFile; fileRef = 92210875252FBAE9004944DB /* ReplaceLetter.swift */; };
		928CCD8F252D013E00653608 /* AppDelegate.swift in Sources */ = {isa = PBXBuildFile; fileRef = 928CCD8E252D013E00653608 /* AppDelegate.swift */; };
		928CCD91252D013E00653608 /* SceneDelegate.swift in Sources */ = {isa = PBXBuildFile; fileRef = 928CCD90252D013E00653608 /* SceneDelegate.swift */; };
		928CCD93252D013E00653608 /* ViewController.swift in Sources */ = {isa = PBXBuildFile; fileRef = 928CCD92252D013E00653608 /* ViewController.swift */; };
		928CCD96252D013E00653608 /* Main.storyboard in Resources */ = {isa = PBXBuildFile; fileRef = 928CCD94252D013E00653608 /* Main.storyboard */; };
		928CCD98252D014000653608 /* Assets.xcassets in Resources */ = {isa = PBXBuildFile; fileRef = 928CCD97252D014000653608 /* Assets.xcassets */; };
		928CCD9B252D014000653608 /* LaunchScreen.storyboard in Resources */ = {isa = PBXBuildFile; fileRef = 928CCD99252D014000653608 /* LaunchScreen.storyboard */; };
		928CCDA6252D014000653608 /* ForcaTests.swift in Sources */ = {isa = PBXBuildFile; fileRef = 928CCDA5252D014000653608 /* ForcaTests.swift */; };
		928CCDB1252D014100653608 /* ForcaUITests.swift in Sources */ = {isa = PBXBuildFile; fileRef = 928CCDB0252D014100653608 /* ForcaUITests.swift */; };
		928CCDBF252D1DE900653608 /* UIViewController+Keyboard.swift in Sources */ = {isa = PBXBuildFile; fileRef = 928CCDBE252D1DE900653608 /* UIViewController+Keyboard.swift */; };
		92E94B4D2531DC0C0077EE18 /* HangingGameTests.swift in Sources */ = {isa = PBXBuildFile; fileRef = 92E94B4C2531DC0C0077EE18 /* HangingGameTests.swift */; };
		92E94B522531DE9B0077EE18 /* String+Comparable.swift in Sources */ = {isa = PBXBuildFile; fileRef = 92E94B512531DE9B0077EE18 /* String+Comparable.swift */; };
		92E94B572531DF530077EE18 /* Character+Comparable.swift in Sources */ = {isa = PBXBuildFile; fileRef = 92E94B562531DF530077EE18 /* Character+Comparable.swift */; };
		CF4CAD7512F04DBE526112DE /* Pods_Forca_ForcaUITests.framework in Frameworks */ = {isa = PBXBuildFile; fileRef = 652A1F13CB14C332E03020AB /* Pods_Forca_ForcaUITests.framework */; };
		E385990BF4CEBAE8329B5055 /* Pods_ForcaTests.framework in Frameworks */ = {isa = PBXBuildFile; fileRef = 5E58031A9FEB10069D812EEB /* Pods_ForcaTests.framework */; };
/* End PBXBuildFile section */

/* Begin PBXContainerItemProxy section */
		928CCDA2252D014000653608 /* PBXContainerItemProxy */ = {
			isa = PBXContainerItemProxy;
			containerPortal = 928CCD83252D013D00653608 /* Project object */;
			proxyType = 1;
			remoteGlobalIDString = 928CCD8A252D013E00653608;
			remoteInfo = Forca;
		};
		928CCDAD252D014100653608 /* PBXContainerItemProxy */ = {
			isa = PBXContainerItemProxy;
			containerPortal = 928CCD83252D013D00653608 /* Project object */;
			proxyType = 1;
			remoteGlobalIDString = 928CCD8A252D013E00653608;
			remoteInfo = Forca;
		};
/* End PBXContainerItemProxy section */

/* Begin PBXFileReference section */
		0829275FF9CC66F9B000F3D5 /* Pods-Forca.debug.xcconfig */ = {isa = PBXFileReference; includeInIndex = 1; lastKnownFileType = text.xcconfig; name = "Pods-Forca.debug.xcconfig"; path = "Target Support Files/Pods-Forca/Pods-Forca.debug.xcconfig"; sourceTree = "<group>"; };
		1BA82EA0FE7EFB39916A8535 /* Pods-ForcaTests.debug.xcconfig */ = {isa = PBXFileReference; includeInIndex = 1; lastKnownFileType = text.xcconfig; name = "Pods-ForcaTests.debug.xcconfig"; path = "Target Support Files/Pods-ForcaTests/Pods-ForcaTests.debug.xcconfig"; sourceTree = "<group>"; };
		5E58031A9FEB10069D812EEB /* Pods_ForcaTests.framework */ = {isa = PBXFileReference; explicitFileType = wrapper.framework; includeInIndex = 0; path = Pods_ForcaTests.framework; sourceTree = BUILT_PRODUCTS_DIR; };
		652A1F13CB14C332E03020AB /* Pods_Forca_ForcaUITests.framework */ = {isa = PBXFileReference; explicitFileType = wrapper.framework; includeInIndex = 0; path = Pods_Forca_ForcaUITests.framework; sourceTree = BUILT_PRODUCTS_DIR; };
		6CCBC6E9FF11B08E36A7AA04 /* Pods-Forca.release.xcconfig */ = {isa = PBXFileReference; includeInIndex = 1; lastKnownFileType = text.xcconfig; name = "Pods-Forca.release.xcconfig"; path = "Target Support Files/Pods-Forca/Pods-Forca.release.xcconfig"; sourceTree = "<group>"; };
		92210866252FABA3004944DB /* String+AttributedText.swift */ = {isa = PBXFileReference; lastKnownFileType = sourcecode.swift; path = "String+AttributedText.swift"; sourceTree = "<group>"; };
		9221086F252FB075004944DB /* HangingGame.swift */ = {isa = PBXFileReference; lastKnownFileType = sourcecode.swift; path = HangingGame.swift; sourceTree = "<group>"; };
		92210875252FBAE9004944DB /* ReplaceLetter.swift */ = {isa = PBXFileReference; lastKnownFileType = sourcecode.swift; path = ReplaceLetter.swift; sourceTree = "<group>"; };
		928CCD8B252D013E00653608 /* Forca.app */ = {isa = PBXFileReference; explicitFileType = wrapper.application; includeInIndex = 0; path = Forca.app; sourceTree = BUILT_PRODUCTS_DIR; };
		928CCD8E252D013E00653608 /* AppDelegate.swift */ = {isa = PBXFileReference; lastKnownFileType = sourcecode.swift; path = AppDelegate.swift; sourceTree = "<group>"; };
		928CCD90252D013E00653608 /* SceneDelegate.swift */ = {isa = PBXFileReference; lastKnownFileType = sourcecode.swift; path = SceneDelegate.swift; sourceTree = "<group>"; };
		928CCD92252D013E00653608 /* ViewController.swift */ = {isa = PBXFileReference; lastKnownFileType = sourcecode.swift; path = ViewController.swift; sourceTree = "<group>"; };
		928CCD95252D013E00653608 /* Base */ = {isa = PBXFileReference; lastKnownFileType = file.storyboard; name = Base; path = Base.lproj/Main.storyboard; sourceTree = "<group>"; };
		928CCD97252D014000653608 /* Assets.xcassets */ = {isa = PBXFileReference; lastKnownFileType = folder.assetcatalog; path = Assets.xcassets; sourceTree = "<group>"; };
		928CCD9A252D014000653608 /* Base */ = {isa = PBXFileReference; lastKnownFileType = file.storyboard; name = Base; path = Base.lproj/LaunchScreen.storyboard; sourceTree = "<group>"; };
		928CCD9C252D014000653608 /* Info.plist */ = {isa = PBXFileReference; lastKnownFileType = text.plist.xml; path = Info.plist; sourceTree = "<group>"; };
		928CCDA1252D014000653608 /* ForcaTests.xctest */ = {isa = PBXFileReference; explicitFileType = wrapper.cfbundle; includeInIndex = 0; path = ForcaTests.xctest; sourceTree = BUILT_PRODUCTS_DIR; };
		928CCDA5252D014000653608 /* ForcaTests.swift */ = {isa = PBXFileReference; lastKnownFileType = sourcecode.swift; path = ForcaTests.swift; sourceTree = "<group>"; };
		928CCDA7252D014000653608 /* Info.plist */ = {isa = PBXFileReference; lastKnownFileType = text.plist.xml; path = Info.plist; sourceTree = "<group>"; };
		928CCDAC252D014100653608 /* ForcaUITests.xctest */ = {isa = PBXFileReference; explicitFileType = wrapper.cfbundle; includeInIndex = 0; path = ForcaUITests.xctest; sourceTree = BUILT_PRODUCTS_DIR; };
		928CCDB0252D014100653608 /* ForcaUITests.swift */ = {isa = PBXFileReference; lastKnownFileType = sourcecode.swift; path = ForcaUITests.swift; sourceTree = "<group>"; };
		928CCDB2252D014100653608 /* Info.plist */ = {isa = PBXFileReference; lastKnownFileType = text.plist.xml; path = Info.plist; sourceTree = "<group>"; };
		928CCDBE252D1DE900653608 /* UIViewController+Keyboard.swift */ = {isa = PBXFileReference; lastKnownFileType = sourcecode.swift; path = "UIViewController+Keyboard.swift"; sourceTree = "<group>"; };
		92E94B4C2531DC0C0077EE18 /* HangingGameTests.swift */ = {isa = PBXFileReference; lastKnownFileType = sourcecode.swift; path = HangingGameTests.swift; sourceTree = "<group>"; };
		92E94B512531DE9B0077EE18 /* String+Comparable.swift */ = {isa = PBXFileReference; lastKnownFileType = sourcecode.swift; path = "String+Comparable.swift"; sourceTree = "<group>"; };
		92E94B562531DF530077EE18 /* Character+Comparable.swift */ = {isa = PBXFileReference; lastKnownFileType = sourcecode.swift; path = "Character+Comparable.swift"; sourceTree = "<group>"; };
		DA3A4F04C30EB44EDEDE0DBE /* Pods-ForcaTests.release.xcconfig */ = {isa = PBXFileReference; includeInIndex = 1; lastKnownFileType = text.xcconfig; name = "Pods-ForcaTests.release.xcconfig"; path = "Target Support Files/Pods-ForcaTests/Pods-ForcaTests.release.xcconfig"; sourceTree = "<group>"; };
		EB166B567861BB5F6489B880 /* Pods_Forca.framework */ = {isa = PBXFileReference; explicitFileType = wrapper.framework; includeInIndex = 0; path = Pods_Forca.framework; sourceTree = BUILT_PRODUCTS_DIR; };
		F54AD532ABCA576148F79E0C /* Pods-Forca-ForcaUITests.debug.xcconfig */ = {isa = PBXFileReference; includeInIndex = 1; lastKnownFileType = text.xcconfig; name = "Pods-Forca-ForcaUITests.debug.xcconfig"; path = "Target Support Files/Pods-Forca-ForcaUITests/Pods-Forca-ForcaUITests.debug.xcconfig"; sourceTree = "<group>"; };
		FEC10B262455D3239B678E73 /* Pods-Forca-ForcaUITests.release.xcconfig */ = {isa = PBXFileReference; includeInIndex = 1; lastKnownFileType = text.xcconfig; name = "Pods-Forca-ForcaUITests.release.xcconfig"; path = "Target Support Files/Pods-Forca-ForcaUITests/Pods-Forca-ForcaUITests.release.xcconfig"; sourceTree = "<group>"; };
/* End PBXFileReference section */

/* Begin PBXFrameworksBuildPhase section */
		928CCD88252D013E00653608 /* Frameworks */ = {
			isa = PBXFrameworksBuildPhase;
			buildActionMask = 2147483647;
			files = (
				53D846C6C9820ED9AC36EE7B /* Pods_Forca.framework in Frameworks */,
			);
			runOnlyForDeploymentPostprocessing = 0;
		};
		928CCD9E252D014000653608 /* Frameworks */ = {
			isa = PBXFrameworksBuildPhase;
			buildActionMask = 2147483647;
			files = (
				E385990BF4CEBAE8329B5055 /* Pods_ForcaTests.framework in Frameworks */,
			);
			runOnlyForDeploymentPostprocessing = 0;
		};
		928CCDA9252D014100653608 /* Frameworks */ = {
			isa = PBXFrameworksBuildPhase;
			buildActionMask = 2147483647;
			files = (
				CF4CAD7512F04DBE526112DE /* Pods_Forca_ForcaUITests.framework in Frameworks */,
			);
			runOnlyForDeploymentPostprocessing = 0;
		};
/* End PBXFrameworksBuildPhase section */

/* Begin PBXGroup section */
		92210865252FAB4F004944DB /* Extensions */ = {
			isa = PBXGroup;
			children = (
				928CCDBE252D1DE900653608 /* UIViewController+Keyboard.swift */,
				92210866252FABA3004944DB /* String+AttributedText.swift */,
				92E94B512531DE9B0077EE18 /* String+Comparable.swift */,
				92E94B562531DF530077EE18 /* Character+Comparable.swift */,
			);
			path = Extensions;
			sourceTree = "<group>";
		};
		9221086E252FB053004944DB /* Models */ = {
			isa = PBXGroup;
			children = (
				9221086F252FB075004944DB /* HangingGame.swift */,
			);
			path = Models;
			sourceTree = "<group>";
		};
		92210874252FBAD6004944DB /* Utils */ = {
			isa = PBXGroup;
			children = (
				92210875252FBAE9004944DB /* ReplaceLetter.swift */,
			);
			path = Utils;
			sourceTree = "<group>";
		};
		928CCD82252D013D00653608 = {
			isa = PBXGroup;
			children = (
				928CCD8D252D013E00653608 /* Forca */,
				928CCDA4252D014000653608 /* ForcaTests */,
				928CCDAF252D014100653608 /* ForcaUITests */,
				928CCD8C252D013E00653608 /* Products */,
				D12DEE26EEB6207BA7348513 /* Pods */,
				B4E0C7461098818D33B98F5F /* Frameworks */,
			);
			sourceTree = "<group>";
		};
		928CCD8C252D013E00653608 /* Products */ = {
			isa = PBXGroup;
			children = (
				928CCD8B252D013E00653608 /* Forca.app */,
				928CCDA1252D014000653608 /* ForcaTests.xctest */,
				928CCDAC252D014100653608 /* ForcaUITests.xctest */,
			);
			name = Products;
			sourceTree = "<group>";
		};
		928CCD8D252D013E00653608 /* Forca */ = {
			isa = PBXGroup;
			children = (
				92210874252FBAD6004944DB /* Utils */,
				9221086E252FB053004944DB /* Models */,
				92210865252FAB4F004944DB /* Extensions */,
				928CCD8E252D013E00653608 /* AppDelegate.swift */,
				928CCD90252D013E00653608 /* SceneDelegate.swift */,
				928CCD92252D013E00653608 /* ViewController.swift */,
				928CCD94252D013E00653608 /* Main.storyboard */,
				928CCD97252D014000653608 /* Assets.xcassets */,
				928CCD99252D014000653608 /* LaunchScreen.storyboard */,
				928CCD9C252D014000653608 /* Info.plist */,
			);
			path = Forca;
			sourceTree = "<group>";
		};
		928CCDA4252D014000653608 /* ForcaTests */ = {
			isa = PBXGroup;
			children = (
				928CCDA5252D014000653608 /* ForcaTests.swift */,
				928CCDA7252D014000653608 /* Info.plist */,
				92E94B4C2531DC0C0077EE18 /* HangingGameTests.swift */,
			);
			path = ForcaTests;
			sourceTree = "<group>";
		};
		928CCDAF252D014100653608 /* ForcaUITests */ = {
			isa = PBXGroup;
			children = (
				928CCDB0252D014100653608 /* ForcaUITests.swift */,
				928CCDB2252D014100653608 /* Info.plist */,
			);
			path = ForcaUITests;
			sourceTree = "<group>";
		};
		B4E0C7461098818D33B98F5F /* Frameworks */ = {
			isa = PBXGroup;
			children = (
				EB166B567861BB5F6489B880 /* Pods_Forca.framework */,
				652A1F13CB14C332E03020AB /* Pods_Forca_ForcaUITests.framework */,
				5E58031A9FEB10069D812EEB /* Pods_ForcaTests.framework */,
			);
			name = Frameworks;
			sourceTree = "<group>";
		};
		D12DEE26EEB6207BA7348513 /* Pods */ = {
			isa = PBXGroup;
			children = (
				0829275FF9CC66F9B000F3D5 /* Pods-Forca.debug.xcconfig */,
				6CCBC6E9FF11B08E36A7AA04 /* Pods-Forca.release.xcconfig */,
				F54AD532ABCA576148F79E0C /* Pods-Forca-ForcaUITests.debug.xcconfig */,
				FEC10B262455D3239B678E73 /* Pods-Forca-ForcaUITests.release.xcconfig */,
				1BA82EA0FE7EFB39916A8535 /* Pods-ForcaTests.debug.xcconfig */,
				DA3A4F04C30EB44EDEDE0DBE /* Pods-ForcaTests.release.xcconfig */,
			);
			path = Pods;
			sourceTree = "<group>";
		};
/* End PBXGroup section */

/* Begin PBXNativeTarget section */
		928CCD8A252D013E00653608 /* Forca */ = {
			isa = PBXNativeTarget;
			buildConfigurationList = 928CCDB5252D014100653608 /* Build configuration list for PBXNativeTarget "Forca" */;
			buildPhases = (
				58B35096B4C26126EFE6CFEE /* [CP] Check Pods Manifest.lock */,
				928CCD87252D013E00653608 /* Sources */,
				928CCD88252D013E00653608 /* Frameworks */,
				928CCD89252D013E00653608 /* Resources */,
			);
			buildRules = (
			);
			dependencies = (
			);
			name = Forca;
			productName = Forca;
			productReference = 928CCD8B252D013E00653608 /* Forca.app */;
			productType = "com.apple.product-type.application";
		};
		928CCDA0252D014000653608 /* ForcaTests */ = {
			isa = PBXNativeTarget;
			buildConfigurationList = 928CCDB8252D014100653608 /* Build configuration list for PBXNativeTarget "ForcaTests" */;
			buildPhases = (
				5663F2526BBE019D0F2FB19A /* [CP] Check Pods Manifest.lock */,
				928CCD9D252D014000653608 /* Sources */,
				928CCD9E252D014000653608 /* Frameworks */,
				928CCD9F252D014000653608 /* Resources */,
				0CC0A136B01A558DB9E1C13B /* [CP] Embed Pods Frameworks */,
			);
			buildRules = (
			);
			dependencies = (
				928CCDA3252D014000653608 /* PBXTargetDependency */,
			);
			name = ForcaTests;
			productName = ForcaTests;
			productReference = 928CCDA1252D014000653608 /* ForcaTests.xctest */;
			productType = "com.apple.product-type.bundle.unit-test";
		};
		928CCDAB252D014100653608 /* ForcaUITests */ = {
			isa = PBXNativeTarget;
			buildConfigurationList = 928CCDBB252D014100653608 /* Build configuration list for PBXNativeTarget "ForcaUITests" */;
			buildPhases = (
				833A2EBEEAE47FC95CF91445 /* [CP] Check Pods Manifest.lock */,
				928CCDA8252D014100653608 /* Sources */,
				928CCDA9252D014100653608 /* Frameworks */,
				928CCDAA252D014100653608 /* Resources */,
			);
			buildRules = (
			);
			dependencies = (
				928CCDAE252D014100653608 /* PBXTargetDependency */,
			);
			name = ForcaUITests;
			productName = ForcaUITests;
			productReference = 928CCDAC252D014100653608 /* ForcaUITests.xctest */;
			productType = "com.apple.product-type.bundle.ui-testing";
		};
/* End PBXNativeTarget section */

/* Begin PBXProject section */
		928CCD83252D013D00653608 /* Project object */ = {
			isa = PBXProject;
			attributes = {
				LastSwiftUpdateCheck = 1130;
				LastUpgradeCheck = 1130;
				ORGANIZATIONNAME = "Ederson Machado";
				TargetAttributes = {
					928CCD8A252D013E00653608 = {
						CreatedOnToolsVersion = 11.3.1;
					};
					928CCDA0252D014000653608 = {
						CreatedOnToolsVersion = 11.3.1;
						TestTargetID = 928CCD8A252D013E00653608;
					};
					928CCDAB252D014100653608 = {
						CreatedOnToolsVersion = 11.3.1;
						TestTargetID = 928CCD8A252D013E00653608;
					};
				};
			};
			buildConfigurationList = 928CCD86252D013D00653608 /* Build configuration list for PBXProject "Forca" */;
			compatibilityVersion = "Xcode 9.3";
			developmentRegion = en;
			hasScannedForEncodings = 0;
			knownRegions = (
				en,
				Base,
			);
			mainGroup = 928CCD82252D013D00653608;
			productRefGroup = 928CCD8C252D013E00653608 /* Products */;
			projectDirPath = "";
			projectRoot = "";
			targets = (
				928CCD8A252D013E00653608 /* Forca */,
				928CCDA0252D014000653608 /* ForcaTests */,
				928CCDAB252D014100653608 /* ForcaUITests */,
			);
		};
/* End PBXProject section */

/* Begin PBXResourcesBuildPhase section */
		928CCD89252D013E00653608 /* Resources */ = {
			isa = PBXResourcesBuildPhase;
			buildActionMask = 2147483647;
			files = (
				928CCD9B252D014000653608 /* LaunchScreen.storyboard in Resources */,
				928CCD98252D014000653608 /* Assets.xcassets in Resources */,
				928CCD96252D013E00653608 /* Main.storyboard in Resources */,
			);
			runOnlyForDeploymentPostprocessing = 0;
		};
		928CCD9F252D014000653608 /* Resources */ = {
			isa = PBXResourcesBuildPhase;
			buildActionMask = 2147483647;
			files = (
			);
			runOnlyForDeploymentPostprocessing = 0;
		};
		928CCDAA252D014100653608 /* Resources */ = {
			isa = PBXResourcesBuildPhase;
			buildActionMask = 2147483647;
			files = (
			);
			runOnlyForDeploymentPostprocessing = 0;
		};
/* End PBXResourcesBuildPhase section */

/* Begin PBXShellScriptBuildPhase section */
		0CC0A136B01A558DB9E1C13B /* [CP] Embed Pods Frameworks */ = {
			isa = PBXShellScriptBuildPhase;
			buildActionMask = 2147483647;
			files = (
			);
			inputFileListPaths = (
				"${PODS_ROOT}/Target Support Files/Pods-ForcaTests/Pods-ForcaTests-frameworks-${CONFIGURATION}-input-files.xcfilelist",
			);
			name = "[CP] Embed Pods Frameworks";
			outputFileListPaths = (
				"${PODS_ROOT}/Target Support Files/Pods-ForcaTests/Pods-ForcaTests-frameworks-${CONFIGURATION}-output-files.xcfilelist",
			);
			runOnlyForDeploymentPostprocessing = 0;
			shellPath = /bin/sh;
			shellScript = "\"${PODS_ROOT}/Target Support Files/Pods-ForcaTests/Pods-ForcaTests-frameworks.sh\"\n";
			showEnvVarsInLog = 0;
		};
		5663F2526BBE019D0F2FB19A /* [CP] Check Pods Manifest.lock */ = {
			isa = PBXShellScriptBuildPhase;
			buildActionMask = 2147483647;
			files = (
			);
			inputFileListPaths = (
			);
			inputPaths = (
				"${PODS_PODFILE_DIR_PATH}/Podfile.lock",
				"${PODS_ROOT}/Manifest.lock",
			);
			name = "[CP] Check Pods Manifest.lock";
			outputFileListPaths = (
			);
			outputPaths = (
				"$(DERIVED_FILE_DIR)/Pods-ForcaTests-checkManifestLockResult.txt",
			);
			runOnlyForDeploymentPostprocessing = 0;
			shellPath = /bin/sh;
			shellScript = "diff \"${PODS_PODFILE_DIR_PATH}/Podfile.lock\" \"${PODS_ROOT}/Manifest.lock\" > /dev/null\nif [ $? != 0 ] ; then\n    # print error to STDERR\n    echo \"error: The sandbox is not in sync with the Podfile.lock. Run 'pod install' or update your CocoaPods installation.\" >&2\n    exit 1\nfi\n# This output is used by Xcode 'outputs' to avoid re-running this script phase.\necho \"SUCCESS\" > \"${SCRIPT_OUTPUT_FILE_0}\"\n";
			showEnvVarsInLog = 0;
		};
		58B35096B4C26126EFE6CFEE /* [CP] Check Pods Manifest.lock */ = {
			isa = PBXShellScriptBuildPhase;
			buildActionMask = 2147483647;
			files = (
			);
			inputFileListPaths = (
			);
			inputPaths = (
				"${PODS_PODFILE_DIR_PATH}/Podfile.lock",
				"${PODS_ROOT}/Manifest.lock",
			);
			name = "[CP] Check Pods Manifest.lock";
			outputFileListPaths = (
			);
			outputPaths = (
				"$(DERIVED_FILE_DIR)/Pods-Forca-checkManifestLockResult.txt",
			);
			runOnlyForDeploymentPostprocessing = 0;
			shellPath = /bin/sh;
			shellScript = "diff \"${PODS_PODFILE_DIR_PATH}/Podfile.lock\" \"${PODS_ROOT}/Manifest.lock\" > /dev/null\nif [ $? != 0 ] ; then\n    # print error to STDERR\n    echo \"error: The sandbox is not in sync with the Podfile.lock. Run 'pod install' or update your CocoaPods installation.\" >&2\n    exit 1\nfi\n# This output is used by Xcode 'outputs' to avoid re-running this script phase.\necho \"SUCCESS\" > \"${SCRIPT_OUTPUT_FILE_0}\"\n";
			showEnvVarsInLog = 0;
		};
		833A2EBEEAE47FC95CF91445 /* [CP] Check Pods Manifest.lock */ = {
			isa = PBXShellScriptBuildPhase;
			buildActionMask = 2147483647;
			files = (
			);
			inputFileListPaths = (
			);
			inputPaths = (
				"${PODS_PODFILE_DIR_PATH}/Podfile.lock",
				"${PODS_ROOT}/Manifest.lock",
			);
			name = "[CP] Check Pods Manifest.lock";
			outputFileListPaths = (
			);
			outputPaths = (
				"$(DERIVED_FILE_DIR)/Pods-Forca-ForcaUITests-checkManifestLockResult.txt",
			);
			runOnlyForDeploymentPostprocessing = 0;
			shellPath = /bin/sh;
			shellScript = "diff \"${PODS_PODFILE_DIR_PATH}/Podfile.lock\" \"${PODS_ROOT}/Manifest.lock\" > /dev/null\nif [ $? != 0 ] ; then\n    # print error to STDERR\n    echo \"error: The sandbox is not in sync with the Podfile.lock. Run 'pod install' or update your CocoaPods installation.\" >&2\n    exit 1\nfi\n# This output is used by Xcode 'outputs' to avoid re-running this script phase.\necho \"SUCCESS\" > \"${SCRIPT_OUTPUT_FILE_0}\"\n";
			showEnvVarsInLog = 0;
		};
/* End PBXShellScriptBuildPhase section */

/* Begin PBXSourcesBuildPhase section */
		928CCD87252D013E00653608 /* Sources */ = {
			isa = PBXSourcesBuildPhase;
			buildActionMask = 2147483647;
			files = (
				928CCD93252D013E00653608 /* ViewController.swift in Sources */,
				928CCD8F252D013E00653608 /* AppDelegate.swift in Sources */,
				92E94B522531DE9B0077EE18 /* String+Comparable.swift in Sources */,
				92210867252FABA3004944DB /* String+AttributedText.swift in Sources */,
				928CCDBF252D1DE900653608 /* UIViewController+Keyboard.swift in Sources */,
				92210870252FB075004944DB /* HangingGame.swift in Sources */,
				928CCD91252D013E00653608 /* SceneDelegate.swift in Sources */,
				92210876252FBAE9004944DB /* ReplaceLetter.swift in Sources */,
				92E94B572531DF530077EE18 /* Character+Comparable.swift in Sources */,
			);
			runOnlyForDeploymentPostprocessing = 0;
		};
		928CCD9D252D014000653608 /* Sources */ = {
			isa = PBXSourcesBuildPhase;
			buildActionMask = 2147483647;
			files = (
				92E94B4D2531DC0C0077EE18 /* HangingGameTests.swift in Sources */,
				928CCDA6252D014000653608 /* ForcaTests.swift in Sources */,
			);
			runOnlyForDeploymentPostprocessing = 0;
		};
		928CCDA8252D014100653608 /* Sources */ = {
			isa = PBXSourcesBuildPhase;
			buildActionMask = 2147483647;
			files = (
				928CCDB1252D014100653608 /* ForcaUITests.swift in Sources */,
			);
			runOnlyForDeploymentPostprocessing = 0;
		};
/* End PBXSourcesBuildPhase section */

/* Begin PBXTargetDependency section */
		928CCDA3252D014000653608 /* PBXTargetDependency */ = {
			isa = PBXTargetDependency;
			target = 928CCD8A252D013E00653608 /* Forca */;
			targetProxy = 928CCDA2252D014000653608 /* PBXContainerItemProxy */;
		};
		928CCDAE252D014100653608 /* PBXTargetDependency */ = {
			isa = PBXTargetDependency;
			target = 928CCD8A252D013E00653608 /* Forca */;
			targetProxy = 928CCDAD252D014100653608 /* PBXContainerItemProxy */;
		};
/* End PBXTargetDependency section */

/* Begin PBXVariantGroup section */
		928CCD94252D013E00653608 /* Main.storyboard */ = {
			isa = PBXVariantGroup;
			children = (
				928CCD95252D013E00653608 /* Base */,
			);
			name = Main.storyboard;
			sourceTree = "<group>";
		};
		928CCD99252D014000653608 /* LaunchScreen.storyboard */ = {
			isa = PBXVariantGroup;
			children = (
				928CCD9A252D014000653608 /* Base */,
			);
			name = LaunchScreen.storyboard;
			sourceTree = "<group>";
		};
/* End PBXVariantGroup section */

/* Begin XCBuildConfiguration section */
		928CCDB3252D014100653608 /* Debug */ = {
			isa = XCBuildConfiguration;
			buildSettings = {
				ALWAYS_SEARCH_USER_PATHS = NO;
				CLANG_ANALYZER_NONNULL = YES;
				CLANG_ANALYZER_NUMBER_OBJECT_CONVERSION = YES_AGGRESSIVE;
				CLANG_CXX_LANGUAGE_STANDARD = "gnu++14";
				CLANG_CXX_LIBRARY = "libc++";
				CLANG_ENABLE_MODULES = YES;
				CLANG_ENABLE_OBJC_ARC = YES;
				CLANG_ENABLE_OBJC_WEAK = YES;
				CLANG_WARN_BLOCK_CAPTURE_AUTORELEASING = YES;
				CLANG_WARN_BOOL_CONVERSION = YES;
				CLANG_WARN_COMMA = YES;
				CLANG_WARN_CONSTANT_CONVERSION = YES;
				CLANG_WARN_DEPRECATED_OBJC_IMPLEMENTATIONS = YES;
				CLANG_WARN_DIRECT_OBJC_ISA_USAGE = YES_ERROR;
				CLANG_WARN_DOCUMENTATION_COMMENTS = YES;
				CLANG_WARN_EMPTY_BODY = YES;
				CLANG_WARN_ENUM_CONVERSION = YES;
				CLANG_WARN_INFINITE_RECURSION = YES;
				CLANG_WARN_INT_CONVERSION = YES;
				CLANG_WARN_NON_LITERAL_NULL_CONVERSION = YES;
				CLANG_WARN_OBJC_IMPLICIT_RETAIN_SELF = YES;
				CLANG_WARN_OBJC_LITERAL_CONVERSION = YES;
				CLANG_WARN_OBJC_ROOT_CLASS = YES_ERROR;
				CLANG_WARN_RANGE_LOOP_ANALYSIS = YES;
				CLANG_WARN_STRICT_PROTOTYPES = YES;
				CLANG_WARN_SUSPICIOUS_MOVE = YES;
				CLANG_WARN_UNGUARDED_AVAILABILITY = YES_AGGRESSIVE;
				CLANG_WARN_UNREACHABLE_CODE = YES;
				CLANG_WARN__DUPLICATE_METHOD_MATCH = YES;
				COPY_PHASE_STRIP = NO;
				DEBUG_INFORMATION_FORMAT = dwarf;
				ENABLE_STRICT_OBJC_MSGSEND = YES;
				ENABLE_TESTABILITY = YES;
				GCC_C_LANGUAGE_STANDARD = gnu11;
				GCC_DYNAMIC_NO_PIC = NO;
				GCC_NO_COMMON_BLOCKS = YES;
				GCC_OPTIMIZATION_LEVEL = 0;
				GCC_PREPROCESSOR_DEFINITIONS = (
					"DEBUG=1",
					"$(inherited)",
				);
				GCC_WARN_64_TO_32_BIT_CONVERSION = YES;
				GCC_WARN_ABOUT_RETURN_TYPE = YES_ERROR;
				GCC_WARN_UNDECLARED_SELECTOR = YES;
				GCC_WARN_UNINITIALIZED_AUTOS = YES_AGGRESSIVE;
				GCC_WARN_UNUSED_FUNCTION = YES;
				GCC_WARN_UNUSED_VARIABLE = YES;
				IPHONEOS_DEPLOYMENT_TARGET = 13.2;
				MTL_ENABLE_DEBUG_INFO = INCLUDE_SOURCE;
				MTL_FAST_MATH = YES;
				ONLY_ACTIVE_ARCH = YES;
				SDKROOT = iphoneos;
				SWIFT_ACTIVE_COMPILATION_CONDITIONS = DEBUG;
				SWIFT_OPTIMIZATION_LEVEL = "-Onone";
			};
			name = Debug;
		};
		928CCDB4252D014100653608 /* Release */ = {
			isa = XCBuildConfiguration;
			buildSettings = {
				ALWAYS_SEARCH_USER_PATHS = NO;
				CLANG_ANALYZER_NONNULL = YES;
				CLANG_ANALYZER_NUMBER_OBJECT_CONVERSION = YES_AGGRESSIVE;
				CLANG_CXX_LANGUAGE_STANDARD = "gnu++14";
				CLANG_CXX_LIBRARY = "libc++";
				CLANG_ENABLE_MODULES = YES;
				CLANG_ENABLE_OBJC_ARC = YES;
				CLANG_ENABLE_OBJC_WEAK = YES;
				CLANG_WARN_BLOCK_CAPTURE_AUTORELEASING = YES;
				CLANG_WARN_BOOL_CONVERSION = YES;
				CLANG_WARN_COMMA = YES;
				CLANG_WARN_CONSTANT_CONVERSION = YES;
				CLANG_WARN_DEPRECATED_OBJC_IMPLEMENTATIONS = YES;
				CLANG_WARN_DIRECT_OBJC_ISA_USAGE = YES_ERROR;
				CLANG_WARN_DOCUMENTATION_COMMENTS = YES;
				CLANG_WARN_EMPTY_BODY = YES;
				CLANG_WARN_ENUM_CONVERSION = YES;
				CLANG_WARN_INFINITE_RECURSION = YES;
				CLANG_WARN_INT_CONVERSION = YES;
				CLANG_WARN_NON_LITERAL_NULL_CONVERSION = YES;
				CLANG_WARN_OBJC_IMPLICIT_RETAIN_SELF = YES;
				CLANG_WARN_OBJC_LITERAL_CONVERSION = YES;
				CLANG_WARN_OBJC_ROOT_CLASS = YES_ERROR;
				CLANG_WARN_RANGE_LOOP_ANALYSIS = YES;
				CLANG_WARN_STRICT_PROTOTYPES = YES;
				CLANG_WARN_SUSPICIOUS_MOVE = YES;
				CLANG_WARN_UNGUARDED_AVAILABILITY = YES_AGGRESSIVE;
				CLANG_WARN_UNREACHABLE_CODE = YES;
				CLANG_WARN__DUPLICATE_METHOD_MATCH = YES;
				COPY_PHASE_STRIP = NO;
				DEBUG_INFORMATION_FORMAT = "dwarf-with-dsym";
				ENABLE_NS_ASSERTIONS = NO;
				ENABLE_STRICT_OBJC_MSGSEND = YES;
				GCC_C_LANGUAGE_STANDARD = gnu11;
				GCC_NO_COMMON_BLOCKS = YES;
				GCC_WARN_64_TO_32_BIT_CONVERSION = YES;
				GCC_WARN_ABOUT_RETURN_TYPE = YES_ERROR;
				GCC_WARN_UNDECLARED_SELECTOR = YES;
				GCC_WARN_UNINITIALIZED_AUTOS = YES_AGGRESSIVE;
				GCC_WARN_UNUSED_FUNCTION = YES;
				GCC_WARN_UNUSED_VARIABLE = YES;
				IPHONEOS_DEPLOYMENT_TARGET = 13.2;
				MTL_ENABLE_DEBUG_INFO = NO;
				MTL_FAST_MATH = YES;
				SDKROOT = iphoneos;
				SWIFT_COMPILATION_MODE = wholemodule;
				SWIFT_OPTIMIZATION_LEVEL = "-O";
				VALIDATE_PRODUCT = YES;
			};
			name = Release;
		};
		928CCDB6252D014100653608 /* Debug */ = {
			isa = XCBuildConfiguration;
			baseConfigurationReference = 0829275FF9CC66F9B000F3D5 /* Pods-Forca.debug.xcconfig */;
			buildSettings = {
				ASSETCATALOG_COMPILER_APPICON_NAME = AppIcon;
				CODE_SIGN_STYLE = Automatic;
				DEVELOPMENT_TEAM = 62454W5XCC;
				INFOPLIST_FILE = Forca/Info.plist;
				LD_RUNPATH_SEARCH_PATHS = (
					"$(inherited)",
					"@executable_path/Frameworks",
				);
				PRODUCT_BUNDLE_IDENTIFIER = br.com.cwi.treinamento.ederson.Forca;
				PRODUCT_NAME = "$(TARGET_NAME)";
				SWIFT_VERSION = 5.0;
				TARGETED_DEVICE_FAMILY = "1,2";
			};
			name = Debug;
		};
		928CCDB7252D014100653608 /* Release */ = {
			isa = XCBuildConfiguration;
			baseConfigurationReference = 6CCBC6E9FF11B08E36A7AA04 /* Pods-Forca.release.xcconfig */;
			buildSettings = {
				ASSETCATALOG_COMPILER_APPICON_NAME = AppIcon;
				CODE_SIGN_STYLE = Automatic;
				DEVELOPMENT_TEAM = 62454W5XCC;
				INFOPLIST_FILE = Forca/Info.plist;
				LD_RUNPATH_SEARCH_PATHS = (
					"$(inherited)",
					"@executable_path/Frameworks",
				);
				PRODUCT_BUNDLE_IDENTIFIER = br.com.cwi.treinamento.ederson.Forca;
				PRODUCT_NAME = "$(TARGET_NAME)";
				SWIFT_VERSION = 5.0;
				TARGETED_DEVICE_FAMILY = "1,2";
			};
			name = Release;
		};
		928CCDB9252D014100653608 /* Debug */ = {
			isa = XCBuildConfiguration;
			baseConfigurationReference = 1BA82EA0FE7EFB39916A8535 /* Pods-ForcaTests.debug.xcconfig */;
			buildSettings = {
				ALWAYS_EMBED_SWIFT_STANDARD_LIBRARIES = YES;
				BUNDLE_LOADER = "$(TEST_HOST)";
				CODE_SIGN_STYLE = Automatic;
				DEVELOPMENT_TEAM = 62454W5XCC;
				INFOPLIST_FILE = ForcaTests/Info.plist;
				IPHONEOS_DEPLOYMENT_TARGET = 13.2;
				LD_RUNPATH_SEARCH_PATHS = (
					"$(inherited)",
					"@executable_path/Frameworks",
					"@loader_path/Frameworks",
				);
				PRODUCT_BUNDLE_IDENTIFIER = br.com.cwi.treinamento.ederson.ForcaTests;
				PRODUCT_NAME = "$(TARGET_NAME)";
				SWIFT_VERSION = 5.0;
				TARGETED_DEVICE_FAMILY = "1,2";
				TEST_HOST = "$(BUILT_PRODUCTS_DIR)/Forca.app/Forca";
			};
			name = Debug;
		};
		928CCDBA252D014100653608 /* Release */ = {
			isa = XCBuildConfiguration;
			baseConfigurationReference = DA3A4F04C30EB44EDEDE0DBE /* Pods-ForcaTests.release.xcconfig */;
			buildSettings = {
				ALWAYS_EMBED_SWIFT_STANDARD_LIBRARIES = YES;
				BUNDLE_LOADER = "$(TEST_HOST)";
				CODE_SIGN_STYLE = Automatic;
				DEVELOPMENT_TEAM = 62454W5XCC;
				INFOPLIST_FILE = ForcaTests/Info.plist;
				IPHONEOS_DEPLOYMENT_TARGET = 13.2;
				LD_RUNPATH_SEARCH_PATHS = (
					"$(inherited)",
					"@executable_path/Frameworks",
					"@loader_path/Frameworks",
				);
				PRODUCT_BUNDLE_IDENTIFIER = br.com.cwi.treinamento.ederson.ForcaTests;
				PRODUCT_NAME = "$(TARGET_NAME)";
				SWIFT_VERSION = 5.0;
				TARGETED_DEVICE_FAMILY = "1,2";
				TEST_HOST = "$(BUILT_PRODUCTS_DIR)/Forca.app/Forca";
			};
			name = Release;
		};
		928CCDBC252D014100653608 /* Debug */ = {
			isa = XCBuildConfiguration;
			baseConfigurationReference = F54AD532ABCA576148F79E0C /* Pods-Forca-ForcaUITests.debug.xcconfig */;
			buildSettings = {
				ALWAYS_EMBED_SWIFT_STANDARD_LIBRARIES = YES;
				CODE_SIGN_STYLE = Automatic;
				DEVELOPMENT_TEAM = 62454W5XCC;
				INFOPLIST_FILE = ForcaUITests/Info.plist;
				LD_RUNPATH_SEARCH_PATHS = (
					"$(inherited)",
					"@executable_path/Frameworks",
					"@loader_path/Frameworks",
				);
				PRODUCT_BUNDLE_IDENTIFIER = br.com.cwi.treinamento.ederson.ForcaUITests;
				PRODUCT_NAME = "$(TARGET_NAME)";
				SWIFT_VERSION = 5.0;
				TARGETED_DEVICE_FAMILY = "1,2";
				TEST_TARGET_NAME = Forca;
			};
			name = Debug;
		};
		928CCDBD252D014100653608 /* Release */ = {
			isa = XCBuildConfiguration;
			baseConfigurationReference = FEC10B262455D3239B678E73 /* Pods-Forca-ForcaUITests.release.xcconfig */;
			buildSettings = {
				ALWAYS_EMBED_SWIFT_STANDARD_LIBRARIES = YES;
				CODE_SIGN_STYLE = Automatic;
				DEVELOPMENT_TEAM = 62454W5XCC;
				INFOPLIST_FILE = ForcaUITests/Info.plist;
				LD_RUNPATH_SEARCH_PATHS = (
					"$(inherited)",
					"@executable_path/Frameworks",
					"@loader_path/Frameworks",
				);
				PRODUCT_BUNDLE_IDENTIFIER = br.com.cwi.treinamento.ederson.ForcaUITests;
				PRODUCT_NAME = "$(TARGET_NAME)";
				SWIFT_VERSION = 5.0;
				TARGETED_DEVICE_FAMILY = "1,2";
				TEST_TARGET_NAME = Forca;
			};
			name = Release;
		};
/* End XCBuildConfiguration section */

/* Begin XCConfigurationList section */
		928CCD86252D013D00653608 /* Build configuration list for PBXProject "Forca" */ = {
			isa = XCConfigurationList;
			buildConfigurations = (
				928CCDB3252D014100653608 /* Debug */,
				928CCDB4252D014100653608 /* Release */,
			);
			defaultConfigurationIsVisible = 0;
			defaultConfigurationName = Release;
		};
		928CCDB5252D014100653608 /* Build configuration list for PBXNativeTarget "Forca" */ = {
			isa = XCConfigurationList;
			buildConfigurations = (
				928CCDB6252D014100653608 /* Debug */,
				928CCDB7252D014100653608 /* Release */,
			);
			defaultConfigurationIsVisible = 0;
			defaultConfigurationName = Release;
		};
		928CCDB8252D014100653608 /* Build configuration list for PBXNativeTarget "ForcaTests" */ = {
			isa = XCConfigurationList;
			buildConfigurations = (
				928CCDB9252D014100653608 /* Debug */,
				928CCDBA252D014100653608 /* Release */,
			);
			defaultConfigurationIsVisible = 0;
			defaultConfigurationName = Release;
		};
		928CCDBB252D014100653608 /* Build configuration list for PBXNativeTarget "ForcaUITests" */ = {
			isa = XCConfigurationList;
			buildConfigurations = (
				928CCDBC252D014100653608 /* Debug */,
				928CCDBD252D014100653608 /* Release */,
			);
			defaultConfigurationIsVisible = 0;
			defaultConfigurationName = Release;
		};
/* End XCConfigurationList section */
	};
	rootObject = 928CCD83252D013D00653608 /* Project object */;
}
