// !$*UTF8*$!
{
	archiveVersion = 1;
	classes = {
	};
	objectVersion = 51;
	objects = {

/* Begin PBXBuildFile section */
		22B6917975A6253C343CB26B /* Pods_MemoryGame_MemoryGameUITests.framework in Frameworks */ = {isa = PBXBuildFile; fileRef = EB66B509BBF71A3B87159EAC /* Pods_MemoryGame_MemoryGameUITests.framework */; };
		42058A84FD421DBE3FFE44FD /* Pods_MemoryGame.framework in Frameworks */ = {isa = PBXBuildFile; fileRef = 44D46699D7F3BA08E9F2AF63 /* Pods_MemoryGame.framework */; };
		487538ADB96CA870926D1F20 /* Pods_MemoryGameTests.framework in Frameworks */ = {isa = PBXBuildFile; fileRef = 63E41C15656C9DB6F7B34AEC /* Pods_MemoryGameTests.framework */; };
		9204E6062545E3A600939483 /* CardCollectionViewCell.swift in Sources */ = {isa = PBXBuildFile; fileRef = 9204E6042545E3A600939483 /* CardCollectionViewCell.swift */; };
		9204E6072545E3A600939483 /* CardCollectionViewCell.xib in Resources */ = {isa = PBXBuildFile; fileRef = 9204E6052545E3A600939483 /* CardCollectionViewCell.xib */; };
		92882B33253667CF003D2E89 /* Array+Identifiable.swift in Sources */ = {isa = PBXBuildFile; fileRef = 92882B32253667CF003D2E89 /* Array+Identifiable.swift */; };
		92882B3B25366DDD003D2E89 /* Array+Only.swift in Sources */ = {isa = PBXBuildFile; fileRef = 92882B3A25366DDD003D2E89 /* Array+Only.swift */; };
		9297889725369633005FA6D5 /* Game.swift in Sources */ = {isa = PBXBuildFile; fileRef = 9297889625369633005FA6D5 /* Game.swift */; };
		92E94B682531FCAE0077EE18 /* AppDelegate.swift in Sources */ = {isa = PBXBuildFile; fileRef = 92E94B672531FCAE0077EE18 /* AppDelegate.swift */; };
		92E94B6A2531FCAE0077EE18 /* SceneDelegate.swift in Sources */ = {isa = PBXBuildFile; fileRef = 92E94B692531FCAE0077EE18 /* SceneDelegate.swift */; };
		92E94B6C2531FCAE0077EE18 /* ViewController.swift in Sources */ = {isa = PBXBuildFile; fileRef = 92E94B6B2531FCAE0077EE18 /* ViewController.swift */; };
		92E94B6F2531FCAE0077EE18 /* Main.storyboard in Resources */ = {isa = PBXBuildFile; fileRef = 92E94B6D2531FCAE0077EE18 /* Main.storyboard */; };
		92E94B712531FCB20077EE18 /* Assets.xcassets in Resources */ = {isa = PBXBuildFile; fileRef = 92E94B702531FCB20077EE18 /* Assets.xcassets */; };
		92E94B742531FCB20077EE18 /* LaunchScreen.storyboard in Resources */ = {isa = PBXBuildFile; fileRef = 92E94B722531FCB20077EE18 /* LaunchScreen.storyboard */; };
		92E94B7F2531FCB30077EE18 /* MemoryGameTests.swift in Sources */ = {isa = PBXBuildFile; fileRef = 92E94B7E2531FCB30077EE18 /* MemoryGameTests.swift */; };
		92E94B8A2531FCB30077EE18 /* MemoryGameUITests.swift in Sources */ = {isa = PBXBuildFile; fileRef = 92E94B892531FCB30077EE18 /* MemoryGameUITests.swift */; };
/* End PBXBuildFile section */

/* Begin PBXContainerItemProxy section */
		92E94B7B2531FCB30077EE18 /* PBXContainerItemProxy */ = {
			isa = PBXContainerItemProxy;
			containerPortal = 92E94B5C2531FCAE0077EE18 /* Project object */;
			proxyType = 1;
			remoteGlobalIDString = 92E94B632531FCAE0077EE18;
			remoteInfo = MemoryGame;
		};
		92E94B862531FCB30077EE18 /* PBXContainerItemProxy */ = {
			isa = PBXContainerItemProxy;
			containerPortal = 92E94B5C2531FCAE0077EE18 /* Project object */;
			proxyType = 1;
			remoteGlobalIDString = 92E94B632531FCAE0077EE18;
			remoteInfo = MemoryGame;
		};
/* End PBXContainerItemProxy section */

/* Begin PBXFileReference section */
		44D46699D7F3BA08E9F2AF63 /* Pods_MemoryGame.framework */ = {isa = PBXFileReference; explicitFileType = wrapper.framework; includeInIndex = 0; path = Pods_MemoryGame.framework; sourceTree = BUILT_PRODUCTS_DIR; };
		63E41C15656C9DB6F7B34AEC /* Pods_MemoryGameTests.framework */ = {isa = PBXFileReference; explicitFileType = wrapper.framework; includeInIndex = 0; path = Pods_MemoryGameTests.framework; sourceTree = BUILT_PRODUCTS_DIR; };
		7A99FDE836342D262731869A /* Pods-MemoryGameTests.release.xcconfig */ = {isa = PBXFileReference; includeInIndex = 1; lastKnownFileType = text.xcconfig; name = "Pods-MemoryGameTests.release.xcconfig"; path = "Target Support Files/Pods-MemoryGameTests/Pods-MemoryGameTests.release.xcconfig"; sourceTree = "<group>"; };
		9204E6042545E3A600939483 /* CardCollectionViewCell.swift */ = {isa = PBXFileReference; lastKnownFileType = sourcecode.swift; path = CardCollectionViewCell.swift; sourceTree = "<group>"; };
		9204E6052545E3A600939483 /* CardCollectionViewCell.xib */ = {isa = PBXFileReference; lastKnownFileType = file.xib; path = CardCollectionViewCell.xib; sourceTree = "<group>"; };
		92882B32253667CF003D2E89 /* Array+Identifiable.swift */ = {isa = PBXFileReference; lastKnownFileType = sourcecode.swift; path = "Array+Identifiable.swift"; sourceTree = "<group>"; };
		92882B3A25366DDD003D2E89 /* Array+Only.swift */ = {isa = PBXFileReference; lastKnownFileType = sourcecode.swift; path = "Array+Only.swift"; sourceTree = "<group>"; };
		9297889625369633005FA6D5 /* Game.swift */ = {isa = PBXFileReference; lastKnownFileType = sourcecode.swift; path = Game.swift; sourceTree = "<group>"; };
		92E94B642531FCAE0077EE18 /* MemoryGame.app */ = {isa = PBXFileReference; explicitFileType = wrapper.application; includeInIndex = 0; path = MemoryGame.app; sourceTree = BUILT_PRODUCTS_DIR; };
		92E94B672531FCAE0077EE18 /* AppDelegate.swift */ = {isa = PBXFileReference; lastKnownFileType = sourcecode.swift; path = AppDelegate.swift; sourceTree = "<group>"; };
		92E94B692531FCAE0077EE18 /* SceneDelegate.swift */ = {isa = PBXFileReference; lastKnownFileType = sourcecode.swift; path = SceneDelegate.swift; sourceTree = "<group>"; };
		92E94B6B2531FCAE0077EE18 /* ViewController.swift */ = {isa = PBXFileReference; lastKnownFileType = sourcecode.swift; path = ViewController.swift; sourceTree = "<group>"; };
		92E94B6E2531FCAE0077EE18 /* Base */ = {isa = PBXFileReference; lastKnownFileType = file.storyboard; name = Base; path = Base.lproj/Main.storyboard; sourceTree = "<group>"; };
		92E94B702531FCB20077EE18 /* Assets.xcassets */ = {isa = PBXFileReference; lastKnownFileType = folder.assetcatalog; path = Assets.xcassets; sourceTree = "<group>"; };
		92E94B732531FCB20077EE18 /* Base */ = {isa = PBXFileReference; lastKnownFileType = file.storyboard; name = Base; path = Base.lproj/LaunchScreen.storyboard; sourceTree = "<group>"; };
		92E94B752531FCB20077EE18 /* Info.plist */ = {isa = PBXFileReference; lastKnownFileType = text.plist.xml; path = Info.plist; sourceTree = "<group>"; };
		92E94B7A2531FCB30077EE18 /* MemoryGameTests.xctest */ = {isa = PBXFileReference; explicitFileType = wrapper.cfbundle; includeInIndex = 0; path = MemoryGameTests.xctest; sourceTree = BUILT_PRODUCTS_DIR; };
		92E94B7E2531FCB30077EE18 /* MemoryGameTests.swift */ = {isa = PBXFileReference; lastKnownFileType = sourcecode.swift; path = MemoryGameTests.swift; sourceTree = "<group>"; };
		92E94B802531FCB30077EE18 /* Info.plist */ = {isa = PBXFileReference; lastKnownFileType = text.plist.xml; path = Info.plist; sourceTree = "<group>"; };
		92E94B852531FCB30077EE18 /* MemoryGameUITests.xctest */ = {isa = PBXFileReference; explicitFileType = wrapper.cfbundle; includeInIndex = 0; path = MemoryGameUITests.xctest; sourceTree = BUILT_PRODUCTS_DIR; };
		92E94B892531FCB30077EE18 /* MemoryGameUITests.swift */ = {isa = PBXFileReference; lastKnownFileType = sourcecode.swift; path = MemoryGameUITests.swift; sourceTree = "<group>"; };
		92E94B8B2531FCB30077EE18 /* Info.plist */ = {isa = PBXFileReference; lastKnownFileType = text.plist.xml; path = Info.plist; sourceTree = "<group>"; };
		A7AE29FF0621BA752A5AAB96 /* Pods-MemoryGame-MemoryGameUITests.debug.xcconfig */ = {isa = PBXFileReference; includeInIndex = 1; lastKnownFileType = text.xcconfig; name = "Pods-MemoryGame-MemoryGameUITests.debug.xcconfig"; path = "Target Support Files/Pods-MemoryGame-MemoryGameUITests/Pods-MemoryGame-MemoryGameUITests.debug.xcconfig"; sourceTree = "<group>"; };
		A9E582C1B9C4C335D71015A3 /* Pods-MemoryGame.debug.xcconfig */ = {isa = PBXFileReference; includeInIndex = 1; lastKnownFileType = text.xcconfig; name = "Pods-MemoryGame.debug.xcconfig"; path = "Target Support Files/Pods-MemoryGame/Pods-MemoryGame.debug.xcconfig"; sourceTree = "<group>"; };
		C34B93223C649068A1E9FFBF /* Pods-MemoryGameTests.debug.xcconfig */ = {isa = PBXFileReference; includeInIndex = 1; lastKnownFileType = text.xcconfig; name = "Pods-MemoryGameTests.debug.xcconfig"; path = "Target Support Files/Pods-MemoryGameTests/Pods-MemoryGameTests.debug.xcconfig"; sourceTree = "<group>"; };
		D0E09D3898108B6498813264 /* Pods-MemoryGame.release.xcconfig */ = {isa = PBXFileReference; includeInIndex = 1; lastKnownFileType = text.xcconfig; name = "Pods-MemoryGame.release.xcconfig"; path = "Target Support Files/Pods-MemoryGame/Pods-MemoryGame.release.xcconfig"; sourceTree = "<group>"; };
		EB66B509BBF71A3B87159EAC /* Pods_MemoryGame_MemoryGameUITests.framework */ = {isa = PBXFileReference; explicitFileType = wrapper.framework; includeInIndex = 0; path = Pods_MemoryGame_MemoryGameUITests.framework; sourceTree = BUILT_PRODUCTS_DIR; };
		F834C0FF6CFC5A6F939F9F5B /* Pods-MemoryGame-MemoryGameUITests.release.xcconfig */ = {isa = PBXFileReference; includeInIndex = 1; lastKnownFileType = text.xcconfig; name = "Pods-MemoryGame-MemoryGameUITests.release.xcconfig"; path = "Target Support Files/Pods-MemoryGame-MemoryGameUITests/Pods-MemoryGame-MemoryGameUITests.release.xcconfig"; sourceTree = "<group>"; };
/* End PBXFileReference section */

/* Begin PBXFrameworksBuildPhase section */
		92E94B612531FCAE0077EE18 /* Frameworks */ = {
			isa = PBXFrameworksBuildPhase;
			buildActionMask = 2147483647;
			files = (
				42058A84FD421DBE3FFE44FD /* Pods_MemoryGame.framework in Frameworks */,
			);
			runOnlyForDeploymentPostprocessing = 0;
		};
		92E94B772531FCB30077EE18 /* Frameworks */ = {
			isa = PBXFrameworksBuildPhase;
			buildActionMask = 2147483647;
			files = (
				487538ADB96CA870926D1F20 /* Pods_MemoryGameTests.framework in Frameworks */,
			);
			runOnlyForDeploymentPostprocessing = 0;
		};
		92E94B822531FCB30077EE18 /* Frameworks */ = {
			isa = PBXFrameworksBuildPhase;
			buildActionMask = 2147483647;
			files = (
				22B6917975A6253C343CB26B /* Pods_MemoryGame_MemoryGameUITests.framework in Frameworks */,
			);
			runOnlyForDeploymentPostprocessing = 0;
		};
/* End PBXFrameworksBuildPhase section */

/* Begin PBXGroup section */
		1A6A25D4FD0ACC8BB1DD824B /* Frameworks */ = {
			isa = PBXGroup;
			children = (
				44D46699D7F3BA08E9F2AF63 /* Pods_MemoryGame.framework */,
				EB66B509BBF71A3B87159EAC /* Pods_MemoryGame_MemoryGameUITests.framework */,
				63E41C15656C9DB6F7B34AEC /* Pods_MemoryGameTests.framework */,
			);
			name = Frameworks;
			sourceTree = "<group>";
		};
		1EB70657520DA8D233A3EFE4 /* Pods */ = {
			isa = PBXGroup;
			children = (
				A9E582C1B9C4C335D71015A3 /* Pods-MemoryGame.debug.xcconfig */,
				D0E09D3898108B6498813264 /* Pods-MemoryGame.release.xcconfig */,
				A7AE29FF0621BA752A5AAB96 /* Pods-MemoryGame-MemoryGameUITests.debug.xcconfig */,
				F834C0FF6CFC5A6F939F9F5B /* Pods-MemoryGame-MemoryGameUITests.release.xcconfig */,
				C34B93223C649068A1E9FFBF /* Pods-MemoryGameTests.debug.xcconfig */,
				7A99FDE836342D262731869A /* Pods-MemoryGameTests.release.xcconfig */,
			);
			path = Pods;
			sourceTree = "<group>";
		};
		92882B31253667B0003D2E89 /* Extensions */ = {
			isa = PBXGroup;
			children = (
				92882B32253667CF003D2E89 /* Array+Identifiable.swift */,
				92882B3A25366DDD003D2E89 /* Array+Only.swift */,
			);
			path = Extensions;
			sourceTree = "<group>";
		};
		92E94B5B2531FCAE0077EE18 = {
			isa = PBXGroup;
			children = (
				92E94B662531FCAE0077EE18 /* MemoryGame */,
				92E94B7D2531FCB30077EE18 /* MemoryGameTests */,
				92E94B882531FCB30077EE18 /* MemoryGameUITests */,
				92E94B652531FCAE0077EE18 /* Products */,
				1EB70657520DA8D233A3EFE4 /* Pods */,
				1A6A25D4FD0ACC8BB1DD824B /* Frameworks */,
			);
			sourceTree = "<group>";
		};
		92E94B652531FCAE0077EE18 /* Products */ = {
			isa = PBXGroup;
			children = (
				92E94B642531FCAE0077EE18 /* MemoryGame.app */,
				92E94B7A2531FCB30077EE18 /* MemoryGameTests.xctest */,
				92E94B852531FCB30077EE18 /* MemoryGameUITests.xctest */,
			);
			name = Products;
			sourceTree = "<group>";
		};
		92E94B662531FCAE0077EE18 /* MemoryGame */ = {
			isa = PBXGroup;
			children = (
				92882B31253667B0003D2E89 /* Extensions */,
				92E94BA62534E0490077EE18 /* Components */,
				92E94B9A253203840077EE18 /* Models */,
				92E94B672531FCAE0077EE18 /* AppDelegate.swift */,
				92E94B692531FCAE0077EE18 /* SceneDelegate.swift */,
				92E94B6B2531FCAE0077EE18 /* ViewController.swift */,
				92E94B6D2531FCAE0077EE18 /* Main.storyboard */,
				92E94B702531FCB20077EE18 /* Assets.xcassets */,
				92E94B722531FCB20077EE18 /* LaunchScreen.storyboard */,
				92E94B752531FCB20077EE18 /* Info.plist */,
			);
			path = MemoryGame;
			sourceTree = "<group>";
		};
		92E94B7D2531FCB30077EE18 /* MemoryGameTests */ = {
			isa = PBXGroup;
			children = (
				92E94B7E2531FCB30077EE18 /* MemoryGameTests.swift */,
				92E94B802531FCB30077EE18 /* Info.plist */,
			);
			path = MemoryGameTests;
			sourceTree = "<group>";
		};
		92E94B882531FCB30077EE18 /* MemoryGameUITests */ = {
			isa = PBXGroup;
			children = (
				92E94B892531FCB30077EE18 /* MemoryGameUITests.swift */,
				92E94B8B2531FCB30077EE18 /* Info.plist */,
			);
			path = MemoryGameUITests;
			sourceTree = "<group>";
		};
		92E94B9A253203840077EE18 /* Models */ = {
			isa = PBXGroup;
			children = (
				9297889625369633005FA6D5 /* Game.swift */,
			);
			path = Models;
			sourceTree = "<group>";
		};
		92E94BA62534E0490077EE18 /* Components */ = {
			isa = PBXGroup;
			children = (
				92E94BA72534E0E10077EE18 /* Card */,
			);
			path = Components;
			sourceTree = "<group>";
		};
		92E94BA72534E0E10077EE18 /* Card */ = {
			isa = PBXGroup;
			children = (
				9204E6042545E3A600939483 /* CardCollectionViewCell.swift */,
				9204E6052545E3A600939483 /* CardCollectionViewCell.xib */,
			);
			path = Card;
			sourceTree = "<group>";
		};
/* End PBXGroup section */

/* Begin PBXNativeTarget section */
		92E94B632531FCAE0077EE18 /* MemoryGame */ = {
			isa = PBXNativeTarget;
			buildConfigurationList = 92E94B8E2531FCB30077EE18 /* Build configuration list for PBXNativeTarget "MemoryGame" */;
			buildPhases = (
				5EB038286A62A9A6996F4E4E /* [CP] Check Pods Manifest.lock */,
				92E94B602531FCAE0077EE18 /* Sources */,
				92E94B612531FCAE0077EE18 /* Frameworks */,
				92E94B622531FCAE0077EE18 /* Resources */,
			);
			buildRules = (
			);
			dependencies = (
			);
			name = MemoryGame;
			productName = MemoryGame;
			productReference = 92E94B642531FCAE0077EE18 /* MemoryGame.app */;
			productType = "com.apple.product-type.application";
		};
		92E94B792531FCB30077EE18 /* MemoryGameTests */ = {
			isa = PBXNativeTarget;
			buildConfigurationList = 92E94B912531FCB30077EE18 /* Build configuration list for PBXNativeTarget "MemoryGameTests" */;
			buildPhases = (
				605DDBBD2E404048D901E457 /* [CP] Check Pods Manifest.lock */,
				92E94B762531FCB30077EE18 /* Sources */,
				92E94B772531FCB30077EE18 /* Frameworks */,
				92E94B782531FCB30077EE18 /* Resources */,
				21E89D23474C04B67B01F7F5 /* [CP] Embed Pods Frameworks */,
			);
			buildRules = (
			);
			dependencies = (
				92E94B7C2531FCB30077EE18 /* PBXTargetDependency */,
			);
			name = MemoryGameTests;
			productName = MemoryGameTests;
			productReference = 92E94B7A2531FCB30077EE18 /* MemoryGameTests.xctest */;
			productType = "com.apple.product-type.bundle.unit-test";
		};
		92E94B842531FCB30077EE18 /* MemoryGameUITests */ = {
			isa = PBXNativeTarget;
			buildConfigurationList = 92E94B942531FCB30077EE18 /* Build configuration list for PBXNativeTarget "MemoryGameUITests" */;
			buildPhases = (
				CBF5818CF6249EF793977474 /* [CP] Check Pods Manifest.lock */,
				92E94B812531FCB30077EE18 /* Sources */,
				92E94B822531FCB30077EE18 /* Frameworks */,
				92E94B832531FCB30077EE18 /* Resources */,
			);
			buildRules = (
			);
			dependencies = (
				92E94B872531FCB30077EE18 /* PBXTargetDependency */,
			);
			name = MemoryGameUITests;
			productName = MemoryGameUITests;
			productReference = 92E94B852531FCB30077EE18 /* MemoryGameUITests.xctest */;
			productType = "com.apple.product-type.bundle.ui-testing";
		};
/* End PBXNativeTarget section */

/* Begin PBXProject section */
		92E94B5C2531FCAE0077EE18 /* Project object */ = {
			isa = PBXProject;
			attributes = {
				LastSwiftUpdateCheck = 1200;
				LastUpgradeCheck = 1200;
				TargetAttributes = {
					92E94B632531FCAE0077EE18 = {
						CreatedOnToolsVersion = 12.0.1;
					};
					92E94B792531FCB30077EE18 = {
						CreatedOnToolsVersion = 12.0.1;
						TestTargetID = 92E94B632531FCAE0077EE18;
					};
					92E94B842531FCB30077EE18 = {
						CreatedOnToolsVersion = 12.0.1;
						TestTargetID = 92E94B632531FCAE0077EE18;
					};
				};
			};
			buildConfigurationList = 92E94B5F2531FCAE0077EE18 /* Build configuration list for PBXProject "MemoryGame" */;
			compatibilityVersion = "Xcode 9.3";
			developmentRegion = en;
			hasScannedForEncodings = 0;
			knownRegions = (
				en,
				Base,
			);
			mainGroup = 92E94B5B2531FCAE0077EE18;
			productRefGroup = 92E94B652531FCAE0077EE18 /* Products */;
			projectDirPath = "";
			projectRoot = "";
			targets = (
				92E94B632531FCAE0077EE18 /* MemoryGame */,
				92E94B792531FCB30077EE18 /* MemoryGameTests */,
				92E94B842531FCB30077EE18 /* MemoryGameUITests */,
			);
		};
/* End PBXProject section */

/* Begin PBXResourcesBuildPhase section */
		92E94B622531FCAE0077EE18 /* Resources */ = {
			isa = PBXResourcesBuildPhase;
			buildActionMask = 2147483647;
			files = (
				9204E6072545E3A600939483 /* CardCollectionViewCell.xib in Resources */,
				92E94B742531FCB20077EE18 /* LaunchScreen.storyboard in Resources */,
				92E94B712531FCB20077EE18 /* Assets.xcassets in Resources */,
				92E94B6F2531FCAE0077EE18 /* Main.storyboard in Resources */,
			);
			runOnlyForDeploymentPostprocessing = 0;
		};
		92E94B782531FCB30077EE18 /* Resources */ = {
			isa = PBXResourcesBuildPhase;
			buildActionMask = 2147483647;
			files = (
			);
			runOnlyForDeploymentPostprocessing = 0;
		};
		92E94B832531FCB30077EE18 /* Resources */ = {
			isa = PBXResourcesBuildPhase;
			buildActionMask = 2147483647;
			files = (
			);
			runOnlyForDeploymentPostprocessing = 0;
		};
/* End PBXResourcesBuildPhase section */

/* Begin PBXShellScriptBuildPhase section */
		21E89D23474C04B67B01F7F5 /* [CP] Embed Pods Frameworks */ = {
			isa = PBXShellScriptBuildPhase;
			buildActionMask = 2147483647;
			files = (
			);
			inputFileListPaths = (
				"${PODS_ROOT}/Target Support Files/Pods-MemoryGameTests/Pods-MemoryGameTests-frameworks-${CONFIGURATION}-input-files.xcfilelist",
			);
			name = "[CP] Embed Pods Frameworks";
			outputFileListPaths = (
				"${PODS_ROOT}/Target Support Files/Pods-MemoryGameTests/Pods-MemoryGameTests-frameworks-${CONFIGURATION}-output-files.xcfilelist",
			);
			runOnlyForDeploymentPostprocessing = 0;
			shellPath = /bin/sh;
			shellScript = "\"${PODS_ROOT}/Target Support Files/Pods-MemoryGameTests/Pods-MemoryGameTests-frameworks.sh\"\n";
			showEnvVarsInLog = 0;
		};
		5EB038286A62A9A6996F4E4E /* [CP] Check Pods Manifest.lock */ = {
			isa = PBXShellScriptBuildPhase;
			buildActionMask = 2147483647;
			files = (
			);
			inputFileListPaths = (
			);
			inputPaths = (
				"${PODS_PODFILE_DIR_PATH}/Podfile.lock",
				"${PODS_ROOT}/Manifest.lock",
			);
			name = "[CP] Check Pods Manifest.lock";
			outputFileListPaths = (
			);
			outputPaths = (
				"$(DERIVED_FILE_DIR)/Pods-MemoryGame-checkManifestLockResult.txt",
			);
			runOnlyForDeploymentPostprocessing = 0;
			shellPath = /bin/sh;
			shellScript = "diff \"${PODS_PODFILE_DIR_PATH}/Podfile.lock\" \"${PODS_ROOT}/Manifest.lock\" > /dev/null\nif [ $? != 0 ] ; then\n    # print error to STDERR\n    echo \"error: The sandbox is not in sync with the Podfile.lock. Run 'pod install' or update your CocoaPods installation.\" >&2\n    exit 1\nfi\n# This output is used by Xcode 'outputs' to avoid re-running this script phase.\necho \"SUCCESS\" > \"${SCRIPT_OUTPUT_FILE_0}\"\n";
			showEnvVarsInLog = 0;
		};
		605DDBBD2E404048D901E457 /* [CP] Check Pods Manifest.lock */ = {
			isa = PBXShellScriptBuildPhase;
			buildActionMask = 2147483647;
			files = (
			);
			inputFileListPaths = (
			);
			inputPaths = (
				"${PODS_PODFILE_DIR_PATH}/Podfile.lock",
				"${PODS_ROOT}/Manifest.lock",
			);
			name = "[CP] Check Pods Manifest.lock";
			outputFileListPaths = (
			);
			outputPaths = (
				"$(DERIVED_FILE_DIR)/Pods-MemoryGameTests-checkManifestLockResult.txt",
			);
			runOnlyForDeploymentPostprocessing = 0;
			shellPath = /bin/sh;
			shellScript = "diff \"${PODS_PODFILE_DIR_PATH}/Podfile.lock\" \"${PODS_ROOT}/Manifest.lock\" > /dev/null\nif [ $? != 0 ] ; then\n    # print error to STDERR\n    echo \"error: The sandbox is not in sync with the Podfile.lock. Run 'pod install' or update your CocoaPods installation.\" >&2\n    exit 1\nfi\n# This output is used by Xcode 'outputs' to avoid re-running this script phase.\necho \"SUCCESS\" > \"${SCRIPT_OUTPUT_FILE_0}\"\n";
			showEnvVarsInLog = 0;
		};
		CBF5818CF6249EF793977474 /* [CP] Check Pods Manifest.lock */ = {
			isa = PBXShellScriptBuildPhase;
			buildActionMask = 2147483647;
			files = (
			);
			inputFileListPaths = (
			);
			inputPaths = (
				"${PODS_PODFILE_DIR_PATH}/Podfile.lock",
				"${PODS_ROOT}/Manifest.lock",
			);
			name = "[CP] Check Pods Manifest.lock";
			outputFileListPaths = (
			);
			outputPaths = (
				"$(DERIVED_FILE_DIR)/Pods-MemoryGame-MemoryGameUITests-checkManifestLockResult.txt",
			);
			runOnlyForDeploymentPostprocessing = 0;
			shellPath = /bin/sh;
			shellScript = "diff \"${PODS_PODFILE_DIR_PATH}/Podfile.lock\" \"${PODS_ROOT}/Manifest.lock\" > /dev/null\nif [ $? != 0 ] ; then\n    # print error to STDERR\n    echo \"error: The sandbox is not in sync with the Podfile.lock. Run 'pod install' or update your CocoaPods installation.\" >&2\n    exit 1\nfi\n# This output is used by Xcode 'outputs' to avoid re-running this script phase.\necho \"SUCCESS\" > \"${SCRIPT_OUTPUT_FILE_0}\"\n";
			showEnvVarsInLog = 0;
		};
/* End PBXShellScriptBuildPhase section */

/* Begin PBXSourcesBuildPhase section */
		92E94B602531FCAE0077EE18 /* Sources */ = {
			isa = PBXSourcesBuildPhase;
			buildActionMask = 2147483647;
			files = (
				92E94B6C2531FCAE0077EE18 /* ViewController.swift in Sources */,
				92E94B682531FCAE0077EE18 /* AppDelegate.swift in Sources */,
				9297889725369633005FA6D5 /* Game.swift in Sources */,
				92E94B6A2531FCAE0077EE18 /* SceneDelegate.swift in Sources */,
				9204E6062545E3A600939483 /* CardCollectionViewCell.swift in Sources */,
				92882B3B25366DDD003D2E89 /* Array+Only.swift in Sources */,
				92882B33253667CF003D2E89 /* Array+Identifiable.swift in Sources */,
			);
			runOnlyForDeploymentPostprocessing = 0;
		};
		92E94B762531FCB30077EE18 /* Sources */ = {
			isa = PBXSourcesBuildPhase;
			buildActionMask = 2147483647;
			files = (
				92E94B7F2531FCB30077EE18 /* MemoryGameTests.swift in Sources */,
			);
			runOnlyForDeploymentPostprocessing = 0;
		};
		92E94B812531FCB30077EE18 /* Sources */ = {
			isa = PBXSourcesBuildPhase;
			buildActionMask = 2147483647;
			files = (
				92E94B8A2531FCB30077EE18 /* MemoryGameUITests.swift in Sources */,
			);
			runOnlyForDeploymentPostprocessing = 0;
		};
/* End PBXSourcesBuildPhase section */

/* Begin PBXTargetDependency section */
		92E94B7C2531FCB30077EE18 /* PBXTargetDependency */ = {
			isa = PBXTargetDependency;
			target = 92E94B632531FCAE0077EE18 /* MemoryGame */;
			targetProxy = 92E94B7B2531FCB30077EE18 /* PBXContainerItemProxy */;
		};
		92E94B872531FCB30077EE18 /* PBXTargetDependency */ = {
			isa = PBXTargetDependency;
			target = 92E94B632531FCAE0077EE18 /* MemoryGame */;
			targetProxy = 92E94B862531FCB30077EE18 /* PBXContainerItemProxy */;
		};
/* End PBXTargetDependency section */

/* Begin PBXVariantGroup section */
		92E94B6D2531FCAE0077EE18 /* Main.storyboard */ = {
			isa = PBXVariantGroup;
			children = (
				92E94B6E2531FCAE0077EE18 /* Base */,
			);
			name = Main.storyboard;
			sourceTree = "<group>";
		};
		92E94B722531FCB20077EE18 /* LaunchScreen.storyboard */ = {
			isa = PBXVariantGroup;
			children = (
				92E94B732531FCB20077EE18 /* Base */,
			);
			name = LaunchScreen.storyboard;
			sourceTree = "<group>";
		};
/* End PBXVariantGroup section */

/* Begin XCBuildConfiguration section */
		92E94B8C2531FCB30077EE18 /* Debug */ = {
			isa = XCBuildConfiguration;
			buildSettings = {
				ALWAYS_SEARCH_USER_PATHS = NO;
				CLANG_ANALYZER_NONNULL = YES;
				CLANG_ANALYZER_NUMBER_OBJECT_CONVERSION = YES_AGGRESSIVE;
				CLANG_CXX_LANGUAGE_STANDARD = "gnu++14";
				CLANG_CXX_LIBRARY = "libc++";
				CLANG_ENABLE_MODULES = YES;
				CLANG_ENABLE_OBJC_ARC = YES;
				CLANG_ENABLE_OBJC_WEAK = YES;
				CLANG_WARN_BLOCK_CAPTURE_AUTORELEASING = YES;
				CLANG_WARN_BOOL_CONVERSION = YES;
				CLANG_WARN_COMMA = YES;
				CLANG_WARN_CONSTANT_CONVERSION = YES;
				CLANG_WARN_DEPRECATED_OBJC_IMPLEMENTATIONS = YES;
				CLANG_WARN_DIRECT_OBJC_ISA_USAGE = YES_ERROR;
				CLANG_WARN_DOCUMENTATION_COMMENTS = YES;
				CLANG_WARN_EMPTY_BODY = YES;
				CLANG_WARN_ENUM_CONVERSION = YES;
				CLANG_WARN_INFINITE_RECURSION = YES;
				CLANG_WARN_INT_CONVERSION = YES;
				CLANG_WARN_NON_LITERAL_NULL_CONVERSION = YES;
				CLANG_WARN_OBJC_IMPLICIT_RETAIN_SELF = YES;
				CLANG_WARN_OBJC_LITERAL_CONVERSION = YES;
				CLANG_WARN_OBJC_ROOT_CLASS = YES_ERROR;
				CLANG_WARN_QUOTED_INCLUDE_IN_FRAMEWORK_HEADER = YES;
				CLANG_WARN_RANGE_LOOP_ANALYSIS = YES;
				CLANG_WARN_STRICT_PROTOTYPES = YES;
				CLANG_WARN_SUSPICIOUS_MOVE = YES;
				CLANG_WARN_UNGUARDED_AVAILABILITY = YES_AGGRESSIVE;
				CLANG_WARN_UNREACHABLE_CODE = YES;
				CLANG_WARN__DUPLICATE_METHOD_MATCH = YES;
				COPY_PHASE_STRIP = NO;
				DEBUG_INFORMATION_FORMAT = dwarf;
				ENABLE_STRICT_OBJC_MSGSEND = YES;
				ENABLE_TESTABILITY = YES;
				GCC_C_LANGUAGE_STANDARD = gnu11;
				GCC_DYNAMIC_NO_PIC = NO;
				GCC_NO_COMMON_BLOCKS = YES;
				GCC_OPTIMIZATION_LEVEL = 0;
				GCC_PREPROCESSOR_DEFINITIONS = (
					"DEBUG=1",
					"$(inherited)",
				);
				GCC_WARN_64_TO_32_BIT_CONVERSION = YES;
				GCC_WARN_ABOUT_RETURN_TYPE = YES_ERROR;
				GCC_WARN_UNDECLARED_SELECTOR = YES;
				GCC_WARN_UNINITIALIZED_AUTOS = YES_AGGRESSIVE;
				GCC_WARN_UNUSED_FUNCTION = YES;
				GCC_WARN_UNUSED_VARIABLE = YES;
				IPHONEOS_DEPLOYMENT_TARGET = 14.0;
				MTL_ENABLE_DEBUG_INFO = INCLUDE_SOURCE;
				MTL_FAST_MATH = YES;
				ONLY_ACTIVE_ARCH = YES;
				SDKROOT = iphoneos;
				SWIFT_ACTIVE_COMPILATION_CONDITIONS = DEBUG;
				SWIFT_OPTIMIZATION_LEVEL = "-Onone";
			};
			name = Debug;
		};
		92E94B8D2531FCB30077EE18 /* Release */ = {
			isa = XCBuildConfiguration;
			buildSettings = {
				ALWAYS_SEARCH_USER_PATHS = NO;
				CLANG_ANALYZER_NONNULL = YES;
				CLANG_ANALYZER_NUMBER_OBJECT_CONVERSION = YES_AGGRESSIVE;
				CLANG_CXX_LANGUAGE_STANDARD = "gnu++14";
				CLANG_CXX_LIBRARY = "libc++";
				CLANG_ENABLE_MODULES = YES;
				CLANG_ENABLE_OBJC_ARC = YES;
				CLANG_ENABLE_OBJC_WEAK = YES;
				CLANG_WARN_BLOCK_CAPTURE_AUTORELEASING = YES;
				CLANG_WARN_BOOL_CONVERSION = YES;
				CLANG_WARN_COMMA = YES;
				CLANG_WARN_CONSTANT_CONVERSION = YES;
				CLANG_WARN_DEPRECATED_OBJC_IMPLEMENTATIONS = YES;
				CLANG_WARN_DIRECT_OBJC_ISA_USAGE = YES_ERROR;
				CLANG_WARN_DOCUMENTATION_COMMENTS = YES;
				CLANG_WARN_EMPTY_BODY = YES;
				CLANG_WARN_ENUM_CONVERSION = YES;
				CLANG_WARN_INFINITE_RECURSION = YES;
				CLANG_WARN_INT_CONVERSION = YES;
				CLANG_WARN_NON_LITERAL_NULL_CONVERSION = YES;
				CLANG_WARN_OBJC_IMPLICIT_RETAIN_SELF = YES;
				CLANG_WARN_OBJC_LITERAL_CONVERSION = YES;
				CLANG_WARN_OBJC_ROOT_CLASS = YES_ERROR;
				CLANG_WARN_QUOTED_INCLUDE_IN_FRAMEWORK_HEADER = YES;
				CLANG_WARN_RANGE_LOOP_ANALYSIS = YES;
				CLANG_WARN_STRICT_PROTOTYPES = YES;
				CLANG_WARN_SUSPICIOUS_MOVE = YES;
				CLANG_WARN_UNGUARDED_AVAILABILITY = YES_AGGRESSIVE;
				CLANG_WARN_UNREACHABLE_CODE = YES;
				CLANG_WARN__DUPLICATE_METHOD_MATCH = YES;
				COPY_PHASE_STRIP = NO;
				DEBUG_INFORMATION_FORMAT = "dwarf-with-dsym";
				ENABLE_NS_ASSERTIONS = NO;
				ENABLE_STRICT_OBJC_MSGSEND = YES;
				GCC_C_LANGUAGE_STANDARD = gnu11;
				GCC_NO_COMMON_BLOCKS = YES;
				GCC_WARN_64_TO_32_BIT_CONVERSION = YES;
				GCC_WARN_ABOUT_RETURN_TYPE = YES_ERROR;
				GCC_WARN_UNDECLARED_SELECTOR = YES;
				GCC_WARN_UNINITIALIZED_AUTOS = YES_AGGRESSIVE;
				GCC_WARN_UNUSED_FUNCTION = YES;
				GCC_WARN_UNUSED_VARIABLE = YES;
				IPHONEOS_DEPLOYMENT_TARGET = 14.0;
				MTL_ENABLE_DEBUG_INFO = NO;
				MTL_FAST_MATH = YES;
				SDKROOT = iphoneos;
				SWIFT_COMPILATION_MODE = wholemodule;
				SWIFT_OPTIMIZATION_LEVEL = "-O";
				VALIDATE_PRODUCT = YES;
			};
			name = Release;
		};
		92E94B8F2531FCB30077EE18 /* Debug */ = {
			isa = XCBuildConfiguration;
			baseConfigurationReference = A9E582C1B9C4C335D71015A3 /* Pods-MemoryGame.debug.xcconfig */;
			buildSettings = {
				ASSETCATALOG_COMPILER_APPICON_NAME = AppIcon;
				ASSETCATALOG_COMPILER_GLOBAL_ACCENT_COLOR_NAME = AccentColor;
				CODE_SIGN_STYLE = Automatic;
				DEVELOPMENT_TEAM = 62454W5XCC;
				INFOPLIST_FILE = MemoryGame/Info.plist;
				LD_RUNPATH_SEARCH_PATHS = (
					"$(inherited)",
					"@executable_path/Frameworks",
				);
				PRODUCT_BUNDLE_IDENTIFIER = br.com.ebm.MemoryGame;
				PRODUCT_NAME = "$(TARGET_NAME)";
				SWIFT_VERSION = 5.0;
				TARGETED_DEVICE_FAMILY = "1,2";
			};
			name = Debug;
		};
		92E94B902531FCB30077EE18 /* Release */ = {
			isa = XCBuildConfiguration;
			baseConfigurationReference = D0E09D3898108B6498813264 /* Pods-MemoryGame.release.xcconfig */;
			buildSettings = {
				ASSETCATALOG_COMPILER_APPICON_NAME = AppIcon;
				ASSETCATALOG_COMPILER_GLOBAL_ACCENT_COLOR_NAME = AccentColor;
				CODE_SIGN_STYLE = Automatic;
				DEVELOPMENT_TEAM = 62454W5XCC;
				INFOPLIST_FILE = MemoryGame/Info.plist;
				LD_RUNPATH_SEARCH_PATHS = (
					"$(inherited)",
					"@executable_path/Frameworks",
				);
				PRODUCT_BUNDLE_IDENTIFIER = br.com.ebm.MemoryGame;
				PRODUCT_NAME = "$(TARGET_NAME)";
				SWIFT_VERSION = 5.0;
				TARGETED_DEVICE_FAMILY = "1,2";
			};
			name = Release;
		};
		92E94B922531FCB30077EE18 /* Debug */ = {
			isa = XCBuildConfiguration;
			baseConfigurationReference = C34B93223C649068A1E9FFBF /* Pods-MemoryGameTests.debug.xcconfig */;
			buildSettings = {
				ALWAYS_EMBED_SWIFT_STANDARD_LIBRARIES = YES;
				BUNDLE_LOADER = "$(TEST_HOST)";
				CODE_SIGN_STYLE = Automatic;
				DEVELOPMENT_TEAM = 62454W5XCC;
				INFOPLIST_FILE = MemoryGameTests/Info.plist;
				IPHONEOS_DEPLOYMENT_TARGET = 14.0;
				LD_RUNPATH_SEARCH_PATHS = (
					"$(inherited)",
					"@executable_path/Frameworks",
					"@loader_path/Frameworks",
				);
				PRODUCT_BUNDLE_IDENTIFIER = br.com.ebm.MemoryGameTests;
				PRODUCT_NAME = "$(TARGET_NAME)";
				SWIFT_VERSION = 5.0;
				TARGETED_DEVICE_FAMILY = "1,2";
				TEST_HOST = "$(BUILT_PRODUCTS_DIR)/MemoryGame.app/MemoryGame";
			};
			name = Debug;
		};
		92E94B932531FCB30077EE18 /* Release */ = {
			isa = XCBuildConfiguration;
			baseConfigurationReference = 7A99FDE836342D262731869A /* Pods-MemoryGameTests.release.xcconfig */;
			buildSettings = {
				ALWAYS_EMBED_SWIFT_STANDARD_LIBRARIES = YES;
				BUNDLE_LOADER = "$(TEST_HOST)";
				CODE_SIGN_STYLE = Automatic;
				DEVELOPMENT_TEAM = 62454W5XCC;
				INFOPLIST_FILE = MemoryGameTests/Info.plist;
				IPHONEOS_DEPLOYMENT_TARGET = 14.0;
				LD_RUNPATH_SEARCH_PATHS = (
					"$(inherited)",
					"@executable_path/Frameworks",
					"@loader_path/Frameworks",
				);
				PRODUCT_BUNDLE_IDENTIFIER = br.com.ebm.MemoryGameTests;
				PRODUCT_NAME = "$(TARGET_NAME)";
				SWIFT_VERSION = 5.0;
				TARGETED_DEVICE_FAMILY = "1,2";
				TEST_HOST = "$(BUILT_PRODUCTS_DIR)/MemoryGame.app/MemoryGame";
			};
			name = Release;
		};
		92E94B952531FCB30077EE18 /* Debug */ = {
			isa = XCBuildConfiguration;
			baseConfigurationReference = A7AE29FF0621BA752A5AAB96 /* Pods-MemoryGame-MemoryGameUITests.debug.xcconfig */;
			buildSettings = {
				ALWAYS_EMBED_SWIFT_STANDARD_LIBRARIES = YES;
				CODE_SIGN_STYLE = Automatic;
				DEVELOPMENT_TEAM = 62454W5XCC;
				INFOPLIST_FILE = MemoryGameUITests/Info.plist;
				LD_RUNPATH_SEARCH_PATHS = (
					"$(inherited)",
					"@executable_path/Frameworks",
					"@loader_path/Frameworks",
				);
				PRODUCT_BUNDLE_IDENTIFIER = br.com.ebm.MemoryGameUITests;
				PRODUCT_NAME = "$(TARGET_NAME)";
				SWIFT_VERSION = 5.0;
				TARGETED_DEVICE_FAMILY = "1,2";
				TEST_TARGET_NAME = MemoryGame;
			};
			name = Debug;
		};
		92E94B962531FCB30077EE18 /* Release */ = {
			isa = XCBuildConfiguration;
			baseConfigurationReference = F834C0FF6CFC5A6F939F9F5B /* Pods-MemoryGame-MemoryGameUITests.release.xcconfig */;
			buildSettings = {
				ALWAYS_EMBED_SWIFT_STANDARD_LIBRARIES = YES;
				CODE_SIGN_STYLE = Automatic;
				DEVELOPMENT_TEAM = 62454W5XCC;
				INFOPLIST_FILE = MemoryGameUITests/Info.plist;
				LD_RUNPATH_SEARCH_PATHS = (
					"$(inherited)",
					"@executable_path/Frameworks",
					"@loader_path/Frameworks",
				);
				PRODUCT_BUNDLE_IDENTIFIER = br.com.ebm.MemoryGameUITests;
				PRODUCT_NAME = "$(TARGET_NAME)";
				SWIFT_VERSION = 5.0;
				TARGETED_DEVICE_FAMILY = "1,2";
				TEST_TARGET_NAME = MemoryGame;
			};
			name = Release;
		};
/* End XCBuildConfiguration section */

/* Begin XCConfigurationList section */
		92E94B5F2531FCAE0077EE18 /* Build configuration list for PBXProject "MemoryGame" */ = {
			isa = XCConfigurationList;
			buildConfigurations = (
				92E94B8C2531FCB30077EE18 /* Debug */,
				92E94B8D2531FCB30077EE18 /* Release */,
			);
			defaultConfigurationIsVisible = 0;
			defaultConfigurationName = Release;
		};
		92E94B8E2531FCB30077EE18 /* Build configuration list for PBXNativeTarget "MemoryGame" */ = {
			isa = XCConfigurationList;
			buildConfigurations = (
				92E94B8F2531FCB30077EE18 /* Debug */,
				92E94B902531FCB30077EE18 /* Release */,
			);
			defaultConfigurationIsVisible = 0;
			defaultConfigurationName = Release;
		};
		92E94B912531FCB30077EE18 /* Build configuration list for PBXNativeTarget "MemoryGameTests" */ = {
			isa = XCConfigurationList;
			buildConfigurations = (
				92E94B922531FCB30077EE18 /* Debug */,
				92E94B932531FCB30077EE18 /* Release */,
			);
			defaultConfigurationIsVisible = 0;
			defaultConfigurationName = Release;
		};
		92E94B942531FCB30077EE18 /* Build configuration list for PBXNativeTarget "MemoryGameUITests" */ = {
			isa = XCConfigurationList;
			buildConfigurations = (
				92E94B952531FCB30077EE18 /* Debug */,
				92E94B962531FCB30077EE18 /* Release */,
			);
			defaultConfigurationIsVisible = 0;
			defaultConfigurationName = Release;
		};
/* End XCConfigurationList section */
	};
	rootObject = 92E94B5C2531FCAE0077EE18 /* Project object */;
}
